{
  "requires": true,
  "lockfileVersion": 1,
  "dependencies": {
    "acorn": {
      "version": "5.5.3",
      "resolved": "https://registry.npmjs.org/acorn/-/acorn-5.5.3.tgz",
      "integrity": "sha512-jd5MkIUlbbmb07nXH0DT3y7rDVtkzDi4XZOUVWAer8ajmF/DTSSbl5oNFyDOl/OXA33Bl79+ypHhl2pN20VeOQ=="
    },
    "adverb-where": {
      "version": "0.0.9",
      "resolved": "https://registry.npmjs.org/adverb-where/-/adverb-where-0.0.9.tgz",
      "integrity": "sha1-CcXN3Y1QO5/l924LjcXHCo8ZPjQ="
    },
    "automated-readability-index": {
      "version": "0.0.1",
      "resolved": "https://registry.npmjs.org/automated-readability-index/-/automated-readability-index-0.0.1.tgz",
      "integrity": "sha1-o2IXvFw3sY/uhAxAos+PMu7OYDs="
    },
    "espree": {
      "version": "3.5.4",
      "resolved": "https://registry.npmjs.org/espree/-/espree-3.5.4.tgz",
      "integrity": "sha512-yAcIQxtmMiB/jL32dzEp2enBeidsB7xWPLNiw3IIkpVds1P+h7qF9YwJq1yUNzp2OKXgAprs4F61ih66UsoD1A==",
      "requires": {
        "acorn": "5.5.3",
        "acorn-jsx": "3.0.1"
      },
      "dependencies": {
        "acorn-jsx": {
          "version": "3.0.1",
          "resolved": "https://registry.npmjs.org/acorn-jsx/-/acorn-jsx-3.0.1.tgz",
          "integrity": "sha1-r9+UiPsezvyDSPb7IvRk4ypYs2s=",
          "requires": {
            "acorn": "3.3.0"
          },
          "dependencies": {
            "acorn": {
              "version": "3.3.0",
              "resolved": "https://registry.npmjs.org/acorn/-/acorn-3.3.0.tgz",
              "integrity": "sha1-ReN/s56No/JbruP/U2niu18iAXo="
            }
          }
        }
      }
    },
    "passive-voice": {
      "version": "0.1.0",
      "resolved": "https://registry.npmjs.org/passive-voice/-/passive-voice-0.1.0.tgz",
      "integrity": "sha1-Fv+RrkC6DpLEPmcXY/3IQqcCcLE="
    },
    "too-wordy": {
      "version": "0.1.4",
      "resolved": "https://registry.npmjs.org/too-wordy/-/too-wordy-0.1.4.tgz",
      "integrity": "sha1-jnsgp7ek2Pw3WfTgDEkpmT0bEvA="
    },
    "translocator": {
      "version": "0.1.1",
      "resolved": "https://registry.npmjs.org/translocator/-/translocator-0.1.1.tgz",
      "integrity": "sha1-R17Mgi0DfYQ47kx2f0cX/j6SVJ8="
    },
    "weasel-words": {
      "version": "0.0.3",
      "resolved": "https://registry.npmjs.org/weasel-words/-/weasel-words-0.0.3.tgz",
      "integrity": "sha1-DhZX6yvg7fYX1vMj+ECmdbxrVMg="
    },
    "write-gooder": {
      "version": "0.5.14",
      "resolved": "https://registry.npmjs.org/write-gooder/-/write-gooder-0.5.14.tgz",
      "integrity": "sha1-QAif2PLBaTQIqTk3jdi2G2IvkYI=",
      "requires": {
        "adverb-where": "0.0.9",
        "automated-readability-index": "0.0.1",
        "passive-voice": "0.1.0",
        "too-wordy": "0.1.4",
        "translocator": "0.1.1",
        "weasel-words": "0.0.3"
      }
    }
  }
}
